
Microsoft Visual Studio Solution File, Format Version 12.00
# Visual Studio Version 17
VisualStudioVersion = 17.9.34607.119
MinimumVisualStudioVersion = 10.0.40219.1
Project("{FAE04EC0-301F-11D3-BF4B-00C04F79EFBC}") = "MatrixCalculator", "MatrixCalculator.csproj", "{B409B999-F78A-464B-91B4-35C53808CE4A}"
EndProject
Global
	GlobalSection(SolutionConfigurationPlatforms) = preSolution
		Debug|Any CPU = Debug|Any CPU
		Release|Any CPU = Release|Any CPU
	EndGlobalSection
	GlobalSection(ProjectConfigurationPlatforms) = postSolution
		{B409B999-F78A-464B-91B4-35C53808CE4A}.Debug|Any CPU.ActiveCfg = Debug|Any CPU
		{B409B999-F78A-464B-91B4-35C53808CE4A}.Debug|Any CPU.Build.0 = Debug|Any CPU
		{B409B999-F78A-464B-91B4-35C53808CE4A}.Release|Any CPU.ActiveCfg = Release|Any CPU
		{B409B999-F78A-464B-91B4-35C53808CE4A}.Release|Any CPU.Build.0 = Release|Any CPU
	EndGlobalSection
	GlobalSection(SolutionProperties) = preSolution
		HideSolutionNode = FALSE
	EndGlobalSection
	GlobalSection(ExtensibilityGlobals) = postSolution
		SolutionGuid = {8BC797F9-55FB-4291-BA91-882F6E7BFA58}
	EndGlobalSection
EndGlobal
